
Microsoft Visual Studio Solution File, Format Version 12.00
# Visual Studio 15
VisualStudioVersion = 15.0.28307.539
MinimumVisualStudioVersion = 10.0.40219.1
Project("{FAE04EC0-301F-11D3-BF4B-00C04F79EFBC}") = "exam1", "exam1\exam1.csproj", "{5B47B301-5C23-4868-8DB1-CB2798DE4F91}"
EndProject
Global
	GlobalSection(SolutionConfigurationPlatforms) = preSolution
		Debug|Any CPU = Debug|Any CPU
		Release|Any CPU = Release|Any CPU
	EndGlobalSection
	GlobalSection(ProjectConfigurationPlatforms) = postSolution
		{5B47B301-5C23-4868-8DB1-CB2798DE4F91}.Debug|Any CPU.ActiveCfg = Debug|Any CPU
		{5B47B301-5C23-4868-8DB1-CB2798DE4F91}.Debug|Any CPU.Build.0 = Debug|Any CPU
		{5B47B301-5C23-4868-8DB1-CB2798DE4F91}.Release|Any CPU.ActiveCfg = Release|Any CPU
		{5B47B301-5C23-4868-8DB1-CB2798DE4F91}.Release|Any CPU.Build.0 = Release|Any CPU
	EndGlobalSection
	GlobalSection(SolutionProperties) = preSolution
		HideSolutionNode = FALSE
	EndGlobalSection
	GlobalSection(ExtensibilityGlobals) = postSolution
		SolutionGuid = {118CE7CA-58A2-4554-81A6-92D52EA96893}
	EndGlobalSection
EndGlobal
